
Microsoft Visual Studio Solution File, Format Version 12.00
# Visual Studio Version 17
VisualStudioVersion = 17.9.34607.119
MinimumVisualStudioVersion = 10.0.40219.1
Project("{FAE04EC0-301F-11D3-BF4B-00C04F79EFBC}") = "Asm2", "Asm2.csproj", "{0FF4EB30-F980-4497-895A-B06F056144EA}"
EndProject
Global
	GlobalSection(SolutionConfigurationPlatforms) = preSolution
		Debug|Any CPU = Debug|Any CPU
		Release|Any CPU = Release|Any CPU
	EndGlobalSection
	GlobalSection(ProjectConfigurationPlatforms) = postSolution
		{0FF4EB30-F980-4497-895A-B06F056144EA}.Debug|Any CPU.ActiveCfg = Debug|Any CPU
		{0FF4EB30-F980-4497-895A-B06F056144EA}.Debug|Any CPU.Build.0 = Debug|Any CPU
		{0FF4EB30-F980-4497-895A-B06F056144EA}.Release|Any CPU.ActiveCfg = Release|Any CPU
		{0FF4EB30-F980-4497-895A-B06F056144EA}.Release|Any CPU.Build.0 = Release|Any CPU
	EndGlobalSection
	GlobalSection(SolutionProperties) = preSolution
		HideSolutionNode = FALSE
	EndGlobalSection
	GlobalSection(ExtensibilityGlobals) = postSolution
		SolutionGuid = {854AE1E0-D6C1-4FD7-8D1B-9650C823103B}
	EndGlobalSection
EndGlobal
